Microsoft Visual Studio Solution File, Format Version 12.00
Project("{FAE04EC0-301F-11D3-BF4B-00C04F79EFBC}") = "Koala.Messaging.Publisher.Service", "Koala.Messaging.Publisher.Service\Koala.Messaging.Publisher.Service.csproj", "{EBD73E14-74D0-44DB-9A50-82FD6B328592}"
EndProject
Project("{FAE04EC0-301F-11D3-BF4B-00C04F79EFBC}") = "Koala.Messaging.Handler.Service", "Koala.Messaging.Handler.Service\Koala.Messaging.Handler.Service.csproj", "{2A027DFC-2492-4183-AF61-0F652D7D480B}"
EndProject
Project("{FAE04EC0-301F-11D3-BF4B-00C04F79EFBC}") = "Koala.Messaging.Sender.Service", "Koala.Messaging.Sender.Service\Koala.Messaging.Sender.Service.csproj", "{1364D3C2-32D6-4B0F-A7FD-2C1BB4D18D7B}"
EndProject
Project("{FAE04EC0-301F-11D3-BF4B-00C04F79EFBC}") = "Koala.Messaging.Consumer.Service", "Koala.Messaging.Consumer.Service\Koala.Messaging.Consumer.Service.csproj", "{31CA48B0-B1D5-4499-A50B-9A8A6CA94E0F}"
EndProject
Project("{FAE04EC0-301F-11D3-BF4B-00C04F79EFBC}") = "Koala.Command.Handler.Service", "Koala.Command.Handler.Service\Koala.Command.Handler.Service.csproj", "{E6D44478-63D3-4642-A46C-001E7725B197}"
EndProject
Project("{FAE04EC0-301F-11D3-BF4B-00C04F79EFBC}") = "Koala.Attachment.Handler.Service", "Koala.Attachment.Handler.Service\Koala.Attachment.Handler.Service.csproj", "{E2A422E8-E4DA-469F-AD67-38F38AB3561D}"
EndProject
Project("{FAE04EC0-301F-11D3-BF4B-00C04F79EFBC}") = "Koala.Attachment.Consumer.Service", "Koala.Attachment.Consumer.Service\Koala.Attachment.Consumer.Service.csproj", "{8BF837AE-DD69-44A2-9E72-137925AFC491}"
EndProject
Project("{2150E333-8FDC-42A3-9474-1A3956D46DE8}") = "Attachment", "Attachment", "{84379FAA-4D2E-4530-B076-9BB3AF856FAC}"
EndProject
Project("{2150E333-8FDC-42A3-9474-1A3956D46DE8}") = "Command", "Command", "{A516260F-A2A5-41BE-8DC6-63C7E2E31025}"
EndProject
Project("{2150E333-8FDC-42A3-9474-1A3956D46DE8}") = "Messaging", "Messaging", "{4DC541C9-84C7-419C-AD28-EC824E7978D7}"
EndProject
Project("{FAE04EC0-301F-11D3-BF4B-00C04F79EFBC}") = "Koala.Activity.Publisher.Service", "Koala.Activity.Publisher.Service\Koala.Activity.Publisher.Service.csproj", "{53E2D131-0DB0-4521-8FAB-3DC19F223F24}"
EndProject
Project("{2150E333-8FDC-42A3-9474-1A3956D46DE8}") = "Activity", "Activity", "{34D7F545-06AB-43F4-8944-AE54EAC7CE88}"
EndProject
Project("{FAE04EC0-301F-11D3-BF4B-00C04F79EFBC}") = "Koala.Activity.Consumer.Service", "Koala.Activity.Consumer.Service\Koala.Activity.Consumer.Service.csproj", "{7E260D9D-9FCB-46EE-BD31-C11301515532}"
EndProject
Global
	GlobalSection(SolutionConfigurationPlatforms) = preSolution
		Debug|Any CPU = Debug|Any CPU
		Release|Any CPU = Release|Any CPU
	EndGlobalSection
	GlobalSection(ProjectConfigurationPlatforms) = postSolution
		{EBD73E14-74D0-44DB-9A50-82FD6B328592}.Debug|Any CPU.ActiveCfg = Debug|Any CPU
		{E2A422E8-E4DA-469F-AD67-38F38AB3561D}.Debug|Any CPU.ActiveCfg = Debug|Any CPU
		{8BF837AE-DD69-44A2-9E72-137925AFC491}.Debug|Any CPU.ActiveCfg = Debug|Any CPU
		{EBD73E14-74D0-44DB-9A50-82FD6B328592}.Debug|Any CPU.Build.0 = Debug|Any CPU
		{E2A422E8-E4DA-469F-AD67-38F38AB3561D}.Debug|Any CPU.Build.0 = Debug|Any CPU
		{8BF837AE-DD69-44A2-9E72-137925AFC491}.Debug|Any CPU.Build.0 = Debug|Any CPU
		{EBD73E14-74D0-44DB-9A50-82FD6B328592}.Release|Any CPU.ActiveCfg = Release|Any CPU
		{E2A422E8-E4DA-469F-AD67-38F38AB3561D}.Release|Any CPU.ActiveCfg = Release|Any CPU
		{8BF837AE-DD69-44A2-9E72-137925AFC491}.Release|Any CPU.ActiveCfg = Release|Any CPU
		{EBD73E14-74D0-44DB-9A50-82FD6B328592}.Release|Any CPU.Build.0 = Release|Any CPU
		{8BF837AE-DD69-44A2-9E72-137925AFC491}.Release|Any CPU.Build.0 = Release|Any CPU
		{E2A422E8-E4DA-469F-AD67-38F38AB3561D}.Release|Any CPU.Build.0 = Release|Any CPU
		{2A027DFC-2492-4183-AF61-0F652D7D480B}.Debug|Any CPU.ActiveCfg = Debug|Any CPU
		{2A027DFC-2492-4183-AF61-0F652D7D480B}.Debug|Any CPU.Build.0 = Debug|Any CPU
		{2A027DFC-2492-4183-AF61-0F652D7D480B}.Release|Any CPU.ActiveCfg = Release|Any CPU
		{2A027DFC-2492-4183-AF61-0F652D7D480B}.Release|Any CPU.Build.0 = Release|Any CPU
		{1364D3C2-32D6-4B0F-A7FD-2C1BB4D18D7B}.Debug|Any CPU.ActiveCfg = Debug|Any CPU
		{1364D3C2-32D6-4B0F-A7FD-2C1BB4D18D7B}.Debug|Any CPU.Build.0 = Debug|Any CPU
		{1364D3C2-32D6-4B0F-A7FD-2C1BB4D18D7B}.Release|Any CPU.ActiveCfg = Release|Any CPU
		{1364D3C2-32D6-4B0F-A7FD-2C1BB4D18D7B}.Release|Any CPU.Build.0 = Release|Any CPU
		{31CA48B0-B1D5-4499-A50B-9A8A6CA94E0F}.Debug|Any CPU.ActiveCfg = Debug|Any CPU
		{31CA48B0-B1D5-4499-A50B-9A8A6CA94E0F}.Debug|Any CPU.Build.0 = Debug|Any CPU
		{31CA48B0-B1D5-4499-A50B-9A8A6CA94E0F}.Release|Any CPU.ActiveCfg = Release|Any CPU
		{31CA48B0-B1D5-4499-A50B-9A8A6CA94E0F}.Release|Any CPU.Build.0 = Release|Any CPU
		{E6D44478-63D3-4642-A46C-001E7725B197}.Debug|Any CPU.ActiveCfg = Debug|Any CPU
		{E6D44478-63D3-4642-A46C-001E7725B197}.Debug|Any CPU.Build.0 = Debug|Any CPU
		{53E2D131-0DB0-4521-8FAB-3DC19F223F24}.Debug|Any CPU.ActiveCfg = Debug|Any CPU
		{53E2D131-0DB0-4521-8FAB-3DC19F223F24}.Debug|Any CPU.Build.0 = Debug|Any CPU
		{53E2D131-0DB0-4521-8FAB-3DC19F223F24}.Release|Any CPU.ActiveCfg = Release|Any CPU
		{53E2D131-0DB0-4521-8FAB-3DC19F223F24}.Release|Any CPU.Build.0 = Release|Any CPU
		{7E260D9D-9FCB-46EE-BD31-C11301515532}.Debug|Any CPU.ActiveCfg = Debug|Any CPU
		{7E260D9D-9FCB-46EE-BD31-C11301515532}.Debug|Any CPU.Build.0 = Debug|Any CPU
		{7E260D9D-9FCB-46EE-BD31-C11301515532}.Release|Any CPU.ActiveCfg = Release|Any CPU
		{7E260D9D-9FCB-46EE-BD31-C11301515532}.Release|Any CPU.Build.0 = Release|Any CPU
	EndGlobalSection
	GlobalSection(NestedProjects) = preSolution
		{E2A422E8-E4DA-469F-AD67-38F38AB3561D} = {84379FAA-4D2E-4530-B076-9BB3AF856FAC}
		{8BF837AE-DD69-44A2-9E72-137925AFC491} = {84379FAA-4D2E-4530-B076-9BB3AF856FAC}
		{E6D44478-63D3-4642-A46C-001E7725B197} = {A516260F-A2A5-41BE-8DC6-63C7E2E31025}
		{31CA48B0-B1D5-4499-A50B-9A8A6CA94E0F} = {4DC541C9-84C7-419C-AD28-EC824E7978D7}
		{2A027DFC-2492-4183-AF61-0F652D7D480B} = {4DC541C9-84C7-419C-AD28-EC824E7978D7}
		{EBD73E14-74D0-44DB-9A50-82FD6B328592} = {4DC541C9-84C7-419C-AD28-EC824E7978D7}
		{1364D3C2-32D6-4B0F-A7FD-2C1BB4D18D7B} = {4DC541C9-84C7-419C-AD28-EC824E7978D7}
		{53E2D131-0DB0-4521-8FAB-3DC19F223F24} = {34D7F545-06AB-43F4-8944-AE54EAC7CE88}
		{7E260D9D-9FCB-46EE-BD31-C11301515532} = {34D7F545-06AB-43F4-8944-AE54EAC7CE88}
	EndGlobalSection
EndGlobal
